// !$*UTF8*$!
{
	archiveVersion = 1;
	classes = {
	};
	objectVersion = 56;
	objects = {

/* Begin PBXBuildFile section */
		42928C3F2B2D8186009C0D96 /* VoiceRecognition.swift in Sources */ = {isa = PBXBuildFile; fileRef = 42928C3E2B2D8186009C0D96 /* VoiceRecognition.swift */; };
		42928C402B2D8186009C0D96 /* VoiceRecognition.swift in Sources */ = {isa = PBXBuildFile; fileRef = 42928C3E2B2D8186009C0D96 /* VoiceRecognition.swift */; };
		42928C412B2D8186009C0D96 /* VoiceRecognition.swift in Sources */ = {isa = PBXBuildFile; fileRef = 42928C3E2B2D8186009C0D96 /* VoiceRecognition.swift */; };
		42928C442B2D8254009C0D96 /* Speech.framework in Frameworks */ = {isa = PBXBuildFile; fileRef = 42928C432B2D8254009C0D96 /* Speech.framework */; };
		7F8958AD2B283DBA00D75AA2 /* P2HACKS2023App.swift in Sources */ = {isa = PBXBuildFile; fileRef = 7F8958AC2B283DBA00D75AA2 /* P2HACKS2023App.swift */; };
		7F8958AF2B283DBA00D75AA2 /* ContentView.swift in Sources */ = {isa = PBXBuildFile; fileRef = 7F8958AE2B283DBA00D75AA2 /* ContentView.swift */; };
		7F8958B12B283DBB00D75AA2 /* Assets.xcassets in Resources */ = {isa = PBXBuildFile; fileRef = 7F8958B02B283DBB00D75AA2 /* Assets.xcassets */; };
		7F8958B42B283DBB00D75AA2 /* Preview Assets.xcassets in Resources */ = {isa = PBXBuildFile; fileRef = 7F8958B32B283DBB00D75AA2 /* Preview Assets.xcassets */; };
		7F8958BE2B283DBB00D75AA2 /* P2HACKS2023Tests.swift in Sources */ = {isa = PBXBuildFile; fileRef = 7F8958BD2B283DBB00D75AA2 /* P2HACKS2023Tests.swift */; };
		7F8958C82B283DBB00D75AA2 /* P2HACKS2023UITests.swift in Sources */ = {isa = PBXBuildFile; fileRef = 7F8958C72B283DBB00D75AA2 /* P2HACKS2023UITests.swift */; };
		7F8958CA2B283DBB00D75AA2 /* P2HACKS2023UITestsLaunchTests.swift in Sources */ = {isa = PBXBuildFile; fileRef = 7F8958C92B283DBB00D75AA2 /* P2HACKS2023UITestsLaunchTests.swift */; };
		7FB0CE3B2B2C4D960003A328 /* BattleView.swift in Sources */ = {isa = PBXBuildFile; fileRef = 7FB0CE3A2B2C4D960003A328 /* BattleView.swift */; };
		7FB0CE3C2B2C4D960003A328 /* BattleView.swift in Sources */ = {isa = PBXBuildFile; fileRef = 7FB0CE3A2B2C4D960003A328 /* BattleView.swift */; };
		7FB0CE3D2B2C4D960003A328 /* BattleView.swift in Sources */ = {isa = PBXBuildFile; fileRef = 7FB0CE3A2B2C4D960003A328 /* BattleView.swift */; };
		7FB0CE3F2B2C4DD80003A328 /* HomeView.swift in Sources */ = {isa = PBXBuildFile; fileRef = 7FB0CE3E2B2C4DD80003A328 /* HomeView.swift */; };
		7FB0CE402B2C4DD80003A328 /* HomeView.swift in Sources */ = {isa = PBXBuildFile; fileRef = 7FB0CE3E2B2C4DD80003A328 /* HomeView.swift */; };
		7FB0CE412B2C4DD80003A328 /* HomeView.swift in Sources */ = {isa = PBXBuildFile; fileRef = 7FB0CE3E2B2C4DD80003A328 /* HomeView.swift */; };
		7FB0CE432B2C4FB10003A328 /* TitleView.swift in Sources */ = {isa = PBXBuildFile; fileRef = 7FB0CE422B2C4FB10003A328 /* TitleView.swift */; };
		7FB0CE442B2C4FB10003A328 /* TitleView.swift in Sources */ = {isa = PBXBuildFile; fileRef = 7FB0CE422B2C4FB10003A328 /* TitleView.swift */; };
		7FB0CE452B2C4FB10003A328 /* TitleView.swift in Sources */ = {isa = PBXBuildFile; fileRef = 7FB0CE422B2C4FB10003A328 /* TitleView.swift */; };
		7FB0CE472B2C51D70003A328 /* CharSelectView.swift in Sources */ = {isa = PBXBuildFile; fileRef = 7FB0CE462B2C51D70003A328 /* CharSelectView.swift */; };
		7FB0CE482B2C51D70003A328 /* CharSelectView.swift in Sources */ = {isa = PBXBuildFile; fileRef = 7FB0CE462B2C51D70003A328 /* CharSelectView.swift */; };
		7FB0CE492B2C51D70003A328 /* CharSelectView.swift in Sources */ = {isa = PBXBuildFile; fileRef = 7FB0CE462B2C51D70003A328 /* CharSelectView.swift */; };
		7FB0CE4A2B2C55F30003A328 /* Assets.xcassets in Resources */ = {isa = PBXBuildFile; fileRef = 7F8958B02B283DBB00D75AA2 /* Assets.xcassets */; };
		7FB0CE4B2B2C55F30003A328 /* Assets.xcassets in Resources */ = {isa = PBXBuildFile; fileRef = 7F8958B02B283DBB00D75AA2 /* Assets.xcassets */; };
		7FB0CE4D2B2D75370003A328 /* GachaView.swift in Sources */ = {isa = PBXBuildFile; fileRef = 7FB0CE4C2B2D75370003A328 /* GachaView.swift */; };
		7FB0CE4E2B2D753F0003A328 /* GachaView.swift in Sources */ = {isa = PBXBuildFile; fileRef = 7FB0CE4C2B2D75370003A328 /* GachaView.swift */; };
		7FB0CE4F2B2D753F0003A328 /* GachaView.swift in Sources */ = {isa = PBXBuildFile; fileRef = 7FB0CE4C2B2D75370003A328 /* GachaView.swift */; };
		7FB0CE502B2D755B0003A328 /* P2HACKS2023App.swift in Sources */ = {isa = PBXBuildFile; fileRef = 7F8958AC2B283DBA00D75AA2 /* P2HACKS2023App.swift */; };
		7FB0CE512B2D755B0003A328 /* P2HACKS2023App.swift in Sources */ = {isa = PBXBuildFile; fileRef = 7F8958AC2B283DBA00D75AA2 /* P2HACKS2023App.swift */; };
		7FB0CE522B2D755E0003A328 /* ContentView.swift in Sources */ = {isa = PBXBuildFile; fileRef = 7F8958AE2B283DBA00D75AA2 /* ContentView.swift */; };
		7FB0CE532B2D755F0003A328 /* ContentView.swift in Sources */ = {isa = PBXBuildFile; fileRef = 7F8958AE2B283DBA00D75AA2 /* ContentView.swift */; };
		7FB0CE552B2D79060003A328 /* GameResultView.swift in Sources */ = {isa = PBXBuildFile; fileRef = 7FB0CE542B2D79060003A328 /* GameResultView.swift */; };
		7FB0CE562B2D79060003A328 /* GameResultView.swift in Sources */ = {isa = PBXBuildFile; fileRef = 7FB0CE542B2D79060003A328 /* GameResultView.swift */; };
		7FB0CE572B2D79060003A328 /* GameResultView.swift in Sources */ = {isa = PBXBuildFile; fileRef = 7FB0CE542B2D79060003A328 /* GameResultView.swift */; };
		7FB0CE592B2D791B0003A328 /* GachaResultView.swift in Sources */ = {isa = PBXBuildFile; fileRef = 7FB0CE582B2D791B0003A328 /* GachaResultView.swift */; };
		7FB0CE5A2B2D791B0003A328 /* GachaResultView.swift in Sources */ = {isa = PBXBuildFile; fileRef = 7FB0CE582B2D791B0003A328 /* GachaResultView.swift */; };
		7FB0CE5B2B2D791B0003A328 /* GachaResultView.swift in Sources */ = {isa = PBXBuildFile; fileRef = 7FB0CE582B2D791B0003A328 /* GachaResultView.swift */; };
		7FB0CE612B2D7C8D0003A328 /* AllUsePara.swift in Sources */ = {isa = PBXBuildFile; fileRef = 7FB0CE602B2D7C8D0003A328 /* AllUsePara.swift */; };
		7FB0CE622B2D7C8D0003A328 /* AllUsePara.swift in Sources */ = {isa = PBXBuildFile; fileRef = 7FB0CE602B2D7C8D0003A328 /* AllUsePara.swift */; };
		7FB0CE632B2D7C8D0003A328 /* AllUsePara.swift in Sources */ = {isa = PBXBuildFile; fileRef = 7FB0CE602B2D7C8D0003A328 /* AllUsePara.swift */; };
		7FB0CE6C2B2D7E140003A328 /* GameView.swift in Sources */ = {isa = PBXBuildFile; fileRef = 7FB0CE6B2B2D7E140003A328 /* GameView.swift */; };
		7FB0CE6D2B2D7E140003A328 /* GameView.swift in Sources */ = {isa = PBXBuildFile; fileRef = 7FB0CE6B2B2D7E140003A328 /* GameView.swift */; };
		7FB0CE6E2B2D7E140003A328 /* GameView.swift in Sources */ = {isa = PBXBuildFile; fileRef = 7FB0CE6B2B2D7E140003A328 /* GameView.swift */; };
		7FB0CE702B2DD7160003A328 /* PageModel.swift in Sources */ = {isa = PBXBuildFile; fileRef = 7FB0CE6F2B2DD7160003A328 /* PageModel.swift */; };
		7FB0CE712B2DD7160003A328 /* PageModel.swift in Sources */ = {isa = PBXBuildFile; fileRef = 7FB0CE6F2B2DD7160003A328 /* PageModel.swift */; };
		7FB0CE722B2DD7160003A328 /* PageModel.swift in Sources */ = {isa = PBXBuildFile; fileRef = 7FB0CE6F2B2DD7160003A328 /* PageModel.swift */; };
		7FB0CE752B2DD94A0003A328 /* IntroView.swift in Sources */ = {isa = PBXBuildFile; fileRef = 7FB0CE742B2DD94A0003A328 /* IntroView.swift */; };
		7FB0CE762B2DD94A0003A328 /* IntroView.swift in Sources */ = {isa = PBXBuildFile; fileRef = 7FB0CE742B2DD94A0003A328 /* IntroView.swift */; };
		7FB0CE772B2DD94A0003A328 /* IntroView.swift in Sources */ = {isa = PBXBuildFile; fileRef = 7FB0CE742B2DD94A0003A328 /* IntroView.swift */; };
/* End PBXBuildFile section */

/* Begin PBXContainerItemProxy section */
		7F8958BA2B283DBB00D75AA2 /* PBXContainerItemProxy */ = {
			isa = PBXContainerItemProxy;
			containerPortal = 7F8958A12B283DBA00D75AA2 /* Project object */;
			proxyType = 1;
			remoteGlobalIDString = 7F8958A82B283DBA00D75AA2;
			remoteInfo = P2HACKS2023;
		};
		7F8958C42B283DBB00D75AA2 /* PBXContainerItemProxy */ = {
			isa = PBXContainerItemProxy;
			containerPortal = 7F8958A12B283DBA00D75AA2 /* Project object */;
			proxyType = 1;
			remoteGlobalIDString = 7F8958A82B283DBA00D75AA2;
			remoteInfo = P2HACKS2023;
		};
/* End PBXContainerItemProxy section */

/* Begin PBXFileReference section */
		42928C3E2B2D8186009C0D96 /* VoiceRecognition.swift */ = {isa = PBXFileReference; lastKnownFileType = sourcecode.swift; path = VoiceRecognition.swift; sourceTree = "<group>"; };
		42928C432B2D8254009C0D96 /* Speech.framework */ = {isa = PBXFileReference; lastKnownFileType = wrapper.framework; name = Speech.framework; path = System/Library/Frameworks/Speech.framework; sourceTree = SDKROOT; };
		7F8958A92B283DBA00D75AA2 /* P2HACKS2023.app */ = {isa = PBXFileReference; explicitFileType = wrapper.application; includeInIndex = 0; path = P2HACKS2023.app; sourceTree = BUILT_PRODUCTS_DIR; };
		7F8958AC2B283DBA00D75AA2 /* P2HACKS2023App.swift */ = {isa = PBXFileReference; lastKnownFileType = sourcecode.swift; path = P2HACKS2023App.swift; sourceTree = "<group>"; };
		7F8958AE2B283DBA00D75AA2 /* ContentView.swift */ = {isa = PBXFileReference; lastKnownFileType = sourcecode.swift; path = ContentView.swift; sourceTree = "<group>"; };
		7F8958B02B283DBB00D75AA2 /* Assets.xcassets */ = {isa = PBXFileReference; lastKnownFileType = folder.assetcatalog; path = Assets.xcassets; sourceTree = "<group>"; };
		7F8958B32B283DBB00D75AA2 /* Preview Assets.xcassets */ = {isa = PBXFileReference; lastKnownFileType = folder.assetcatalog; path = "Preview Assets.xcassets"; sourceTree = "<group>"; };
		7F8958B92B283DBB00D75AA2 /* P2HACKS2023Tests.xctest */ = {isa = PBXFileReference; explicitFileType = wrapper.cfbundle; includeInIndex = 0; path = P2HACKS2023Tests.xctest; sourceTree = BUILT_PRODUCTS_DIR; };
		7F8958BD2B283DBB00D75AA2 /* P2HACKS2023Tests.swift */ = {isa = PBXFileReference; lastKnownFileType = sourcecode.swift; path = P2HACKS2023Tests.swift; sourceTree = "<group>"; };
		7F8958C32B283DBB00D75AA2 /* P2HACKS2023UITests.xctest */ = {isa = PBXFileReference; explicitFileType = wrapper.cfbundle; includeInIndex = 0; path = P2HACKS2023UITests.xctest; sourceTree = BUILT_PRODUCTS_DIR; };
		7F8958C72B283DBB00D75AA2 /* P2HACKS2023UITests.swift */ = {isa = PBXFileReference; lastKnownFileType = sourcecode.swift; path = P2HACKS2023UITests.swift; sourceTree = "<group>"; };
		7F8958C92B283DBB00D75AA2 /* P2HACKS2023UITestsLaunchTests.swift */ = {isa = PBXFileReference; lastKnownFileType = sourcecode.swift; path = P2HACKS2023UITestsLaunchTests.swift; sourceTree = "<group>"; };
		7FB0CE3A2B2C4D960003A328 /* BattleView.swift */ = {isa = PBXFileReference; lastKnownFileType = sourcecode.swift; path = BattleView.swift; sourceTree = "<group>"; };
		7FB0CE3E2B2C4DD80003A328 /* HomeView.swift */ = {isa = PBXFileReference; lastKnownFileType = sourcecode.swift; path = HomeView.swift; sourceTree = "<group>"; };
		7FB0CE422B2C4FB10003A328 /* TitleView.swift */ = {isa = PBXFileReference; lastKnownFileType = sourcecode.swift; path = TitleView.swift; sourceTree = "<group>"; };
		7FB0CE462B2C51D70003A328 /* CharSelectView.swift */ = {isa = PBXFileReference; lastKnownFileType = sourcecode.swift; path = CharSelectView.swift; sourceTree = "<group>"; };
		7FB0CE4C2B2D75370003A328 /* GachaView.swift */ = {isa = PBXFileReference; lastKnownFileType = sourcecode.swift; path = GachaView.swift; sourceTree = "<group>"; };
		7FB0CE542B2D79060003A328 /* GameResultView.swift */ = {isa = PBXFileReference; lastKnownFileType = sourcecode.swift; path = GameResultView.swift; sourceTree = "<group>"; };
		7FB0CE582B2D791B0003A328 /* GachaResultView.swift */ = {isa = PBXFileReference; lastKnownFileType = sourcecode.swift; path = GachaResultView.swift; sourceTree = "<group>"; };
		7FB0CE602B2D7C8D0003A328 /* AllUsePara.swift */ = {isa = PBXFileReference; lastKnownFileType = sourcecode.swift; path = AllUsePara.swift; sourceTree = "<group>"; };
		7FB0CE6B2B2D7E140003A328 /* GameView.swift */ = {isa = PBXFileReference; lastKnownFileType = sourcecode.swift; path = GameView.swift; sourceTree = "<group>"; };
		7FB0CE6F2B2DD7160003A328 /* PageModel.swift */ = {isa = PBXFileReference; lastKnownFileType = sourcecode.swift; path = PageModel.swift; sourceTree = "<group>"; };
		7FB0CE742B2DD94A0003A328 /* IntroView.swift */ = {isa = PBXFileReference; lastKnownFileType = sourcecode.swift; path = IntroView.swift; sourceTree = "<group>"; };
/* End PBXFileReference section */

/* Begin PBXFrameworksBuildPhase section */
		7F8958A62B283DBA00D75AA2 /* Frameworks */ = {
			isa = PBXFrameworksBuildPhase;
			buildActionMask = 2147483647;
			files = (
				42928C442B2D8254009C0D96 /* Speech.framework in Frameworks */,
			);
			runOnlyForDeploymentPostprocessing = 0;
		};
		7F8958B62B283DBB00D75AA2 /* Frameworks */ = {
			isa = PBXFrameworksBuildPhase;
			buildActionMask = 2147483647;
			files = (
			);
			runOnlyForDeploymentPostprocessing = 0;
		};
		7F8958C02B283DBB00D75AA2 /* Frameworks */ = {
			isa = PBXFrameworksBuildPhase;
			buildActionMask = 2147483647;
			files = (
			);
			runOnlyForDeploymentPostprocessing = 0;
		};
/* End PBXFrameworksBuildPhase section */

/* Begin PBXGroup section */
		42928C422B2D8254009C0D96 /* Frameworks */ = {
			isa = PBXGroup;
			children = (
				42928C432B2D8254009C0D96 /* Speech.framework */,
			);
			name = Frameworks;
			sourceTree = "<group>";
		};
		7F8958A02B283DBA00D75AA2 = {
			isa = PBXGroup;
			children = (
				7F8958AB2B283DBA00D75AA2 /* P2HACKS2023 */,
				7F8958BC2B283DBB00D75AA2 /* P2HACKS2023Tests */,
				7F8958C62B283DBB00D75AA2 /* P2HACKS2023UITests */,
				7F8958AA2B283DBA00D75AA2 /* Products */,
				42928C422B2D8254009C0D96 /* Frameworks */,
			);
			sourceTree = "<group>";
		};
		7F8958AA2B283DBA00D75AA2 /* Products */ = {
			isa = PBXGroup;
			children = (
				7F8958A92B283DBA00D75AA2 /* P2HACKS2023.app */,
				7F8958B92B283DBB00D75AA2 /* P2HACKS2023Tests.xctest */,
				7F8958C32B283DBB00D75AA2 /* P2HACKS2023UITests.xctest */,
			);
			name = Products;
			sourceTree = "<group>";
		};
		7F8958AB2B283DBA00D75AA2 /* P2HACKS2023 */ = {
			isa = PBXGroup;
			children = (
				7F8958AC2B283DBA00D75AA2 /* P2HACKS2023App.swift */,
				7F8958AE2B283DBA00D75AA2 /* ContentView.swift */,
				42928C3E2B2D8186009C0D96 /* VoiceRecognition.swift */,
				7FB0CE692B2D7D6C0003A328 /* Parameters */,
				7FB0CE662B2D7D3E0003A328 /* Title */,
				7FB0CE732B2DD72E0003A328 /* Intro */,
				7FB0CE642B2D7D220003A328 /* Home */,
				7FB0CE652B2D7D2C0003A328 /* Game */,
				7FB0CE682B2D7D540003A328 /* CharSelect */,
				7FB0CE672B2D7D4C0003A328 /* Gacha */,
				7F8958B02B283DBB00D75AA2 /* Assets.xcassets */,
				7F8958B22B283DBB00D75AA2 /* Preview Content */,
			);
			path = P2HACKS2023;
			sourceTree = "<group>";
		};
		7F8958B22B283DBB00D75AA2 /* Preview Content */ = {
			isa = PBXGroup;
			children = (
				7F8958B32B283DBB00D75AA2 /* Preview Assets.xcassets */,
			);
			path = "Preview Content";
			sourceTree = "<group>";
		};
		7F8958BC2B283DBB00D75AA2 /* P2HACKS2023Tests */ = {
			isa = PBXGroup;
			children = (
				7F8958BD2B283DBB00D75AA2 /* P2HACKS2023Tests.swift */,
			);
			path = P2HACKS2023Tests;
			sourceTree = "<group>";
		};
		7F8958C62B283DBB00D75AA2 /* P2HACKS2023UITests */ = {
			isa = PBXGroup;
			children = (
				7F8958C72B283DBB00D75AA2 /* P2HACKS2023UITests.swift */,
				7F8958C92B283DBB00D75AA2 /* P2HACKS2023UITestsLaunchTests.swift */,
			);
			path = P2HACKS2023UITests;
			sourceTree = "<group>";
		};
		7FB0CE642B2D7D220003A328 /* Home */ = {
			isa = PBXGroup;
			children = (
				7FB0CE3E2B2C4DD80003A328 /* HomeView.swift */,
			);
			path = Home;
			sourceTree = "<group>";
		};
		7FB0CE652B2D7D2C0003A328 /* Game */ = {
			isa = PBXGroup;
			children = (
				7FB0CE6B2B2D7E140003A328 /* GameView.swift */,
				7FB0CE542B2D79060003A328 /* GameResultView.swift */,
				7FB0CE6A2B2D7DA40003A328 /* Battle */,
			);
			path = Game;
			sourceTree = "<group>";
		};
		7FB0CE662B2D7D3E0003A328 /* Title */ = {
			isa = PBXGroup;
			children = (
				7FB0CE422B2C4FB10003A328 /* TitleView.swift */,
			);
			path = Title;
			sourceTree = "<group>";
		};
		7FB0CE672B2D7D4C0003A328 /* Gacha */ = {
			isa = PBXGroup;
			children = (
				7FB0CE4C2B2D75370003A328 /* GachaView.swift */,
				7FB0CE582B2D791B0003A328 /* GachaResultView.swift */,
			);
			path = Gacha;
			sourceTree = "<group>";
		};
		7FB0CE682B2D7D540003A328 /* CharSelect */ = {
			isa = PBXGroup;
			children = (
				7FB0CE462B2C51D70003A328 /* CharSelectView.swift */,
			);
			path = CharSelect;
			sourceTree = "<group>";
		};
		7FB0CE692B2D7D6C0003A328 /* Parameters */ = {
			isa = PBXGroup;
			children = (
				7FB0CE602B2D7C8D0003A328 /* AllUsePara.swift */,
			);
			path = Parameters;
			sourceTree = "<group>";
		};
		7FB0CE6A2B2D7DA40003A328 /* Battle */ = {
			isa = PBXGroup;
			children = (
				7FB0CE3A2B2C4D960003A328 /* BattleView.swift */,
			);
			path = Battle;
			sourceTree = "<group>";
		};
		7FB0CE732B2DD72E0003A328 /* Intro */ = {
			isa = PBXGroup;
			children = (
				7FB0CE6F2B2DD7160003A328 /* PageModel.swift */,
				7FB0CE742B2DD94A0003A328 /* IntroView.swift */,
			);
			path = Intro;
			sourceTree = "<group>";
		};
/* End PBXGroup section */

/* Begin PBXNativeTarget section */
		7F8958A82B283DBA00D75AA2 /* P2HACKS2023 */ = {
			isa = PBXNativeTarget;
			buildConfigurationList = 7F8958CD2B283DBB00D75AA2 /* Build configuration list for PBXNativeTarget "P2HACKS2023" */;
			buildPhases = (
				7F8958A52B283DBA00D75AA2 /* Sources */,
				7F8958A62B283DBA00D75AA2 /* Frameworks */,
				7F8958A72B283DBA00D75AA2 /* Resources */,
			);
			buildRules = (
			);
			dependencies = (
			);
			name = P2HACKS2023;
			productName = P2HACKS2023;
			productReference = 7F8958A92B283DBA00D75AA2 /* P2HACKS2023.app */;
			productType = "com.apple.product-type.application";
		};
		7F8958B82B283DBB00D75AA2 /* P2HACKS2023Tests */ = {
			isa = PBXNativeTarget;
			buildConfigurationList = 7F8958D02B283DBB00D75AA2 /* Build configuration list for PBXNativeTarget "P2HACKS2023Tests" */;
			buildPhases = (
				7F8958B52B283DBB00D75AA2 /* Sources */,
				7F8958B62B283DBB00D75AA2 /* Frameworks */,
				7F8958B72B283DBB00D75AA2 /* Resources */,
			);
			buildRules = (
			);
			dependencies = (
				7F8958BB2B283DBB00D75AA2 /* PBXTargetDependency */,
			);
			name = P2HACKS2023Tests;
			productName = P2HACKS2023Tests;
			productReference = 7F8958B92B283DBB00D75AA2 /* P2HACKS2023Tests.xctest */;
			productType = "com.apple.product-type.bundle.unit-test";
		};
		7F8958C22B283DBB00D75AA2 /* P2HACKS2023UITests */ = {
			isa = PBXNativeTarget;
			buildConfigurationList = 7F8958D32B283DBB00D75AA2 /* Build configuration list for PBXNativeTarget "P2HACKS2023UITests" */;
			buildPhases = (
				7F8958BF2B283DBB00D75AA2 /* Sources */,
				7F8958C02B283DBB00D75AA2 /* Frameworks */,
				7F8958C12B283DBB00D75AA2 /* Resources */,
			);
			buildRules = (
			);
			dependencies = (
				7F8958C52B283DBB00D75AA2 /* PBXTargetDependency */,
			);
			name = P2HACKS2023UITests;
			productName = P2HACKS2023UITests;
			productReference = 7F8958C32B283DBB00D75AA2 /* P2HACKS2023UITests.xctest */;
			productType = "com.apple.product-type.bundle.ui-testing";
		};
/* End PBXNativeTarget section */

/* Begin PBXProject section */
		7F8958A12B283DBA00D75AA2 /* Project object */ = {
			isa = PBXProject;
			attributes = {
				BuildIndependentTargetsInParallel = 1;
				LastSwiftUpdateCheck = 1510;
				LastUpgradeCheck = 1510;
				TargetAttributes = {
					7F8958A82B283DBA00D75AA2 = {
						CreatedOnToolsVersion = 15.1;
					};
					7F8958B82B283DBB00D75AA2 = {
						CreatedOnToolsVersion = 15.1;
						TestTargetID = 7F8958A82B283DBA00D75AA2;
					};
					7F8958C22B283DBB00D75AA2 = {
						CreatedOnToolsVersion = 15.1;
						TestTargetID = 7F8958A82B283DBA00D75AA2;
					};
				};
			};
			buildConfigurationList = 7F8958A42B283DBA00D75AA2 /* Build configuration list for PBXProject "P2HACKS2023" */;
			compatibilityVersion = "Xcode 14.0";
			developmentRegion = en;
			hasScannedForEncodings = 0;
			knownRegions = (
				en,
				Base,
			);
			mainGroup = 7F8958A02B283DBA00D75AA2;
			productRefGroup = 7F8958AA2B283DBA00D75AA2 /* Products */;
			projectDirPath = "";
			projectRoot = "";
			targets = (
				7F8958A82B283DBA00D75AA2 /* P2HACKS2023 */,
				7F8958B82B283DBB00D75AA2 /* P2HACKS2023Tests */,
				7F8958C22B283DBB00D75AA2 /* P2HACKS2023UITests */,
			);
		};
/* End PBXProject section */

/* Begin PBXResourcesBuildPhase section */
		7F8958A72B283DBA00D75AA2 /* Resources */ = {
			isa = PBXResourcesBuildPhase;
			buildActionMask = 2147483647;
			files = (
				7F8958B42B283DBB00D75AA2 /* Preview Assets.xcassets in Resources */,
				7F8958B12B283DBB00D75AA2 /* Assets.xcassets in Resources */,
			);
			runOnlyForDeploymentPostprocessing = 0;
		};
		7F8958B72B283DBB00D75AA2 /* Resources */ = {
			isa = PBXResourcesBuildPhase;
			buildActionMask = 2147483647;
			files = (
				7FB0CE4A2B2C55F30003A328 /* Assets.xcassets in Resources */,
			);
			runOnlyForDeploymentPostprocessing = 0;
		};
		7F8958C12B283DBB00D75AA2 /* Resources */ = {
			isa = PBXResourcesBuildPhase;
			buildActionMask = 2147483647;
			files = (
				7FB0CE4B2B2C55F30003A328 /* Assets.xcassets in Resources */,
			);
			runOnlyForDeploymentPostprocessing = 0;
		};
/* End PBXResourcesBuildPhase section */

/* Begin PBXSourcesBuildPhase section */
		7F8958A52B283DBA00D75AA2 /* Sources */ = {
			isa = PBXSourcesBuildPhase;
			buildActionMask = 2147483647;
			files = (
				7F8958AF2B283DBA00D75AA2 /* ContentView.swift in Sources */,
				7FB0CE4D2B2D75370003A328 /* GachaView.swift in Sources */,
				7FB0CE3F2B2C4DD80003A328 /* HomeView.swift in Sources */,
				7FB0CE612B2D7C8D0003A328 /* AllUsePara.swift in Sources */,
				7FB0CE552B2D79060003A328 /* GameResultView.swift in Sources */,
				7FB0CE6C2B2D7E140003A328 /* GameView.swift in Sources */,
				7FB0CE592B2D791B0003A328 /* GachaResultView.swift in Sources */,
				7FB0CE752B2DD94A0003A328 /* IntroView.swift in Sources */,
				7FB0CE432B2C4FB10003A328 /* TitleView.swift in Sources */,
				7FB0CE702B2DD7160003A328 /* PageModel.swift in Sources */,
				7F8958AD2B283DBA00D75AA2 /* P2HACKS2023App.swift in Sources */,
				42928C3F2B2D8186009C0D96 /* VoiceRecognition.swift in Sources */,
				7FB0CE472B2C51D70003A328 /* CharSelectView.swift in Sources */,
				7FB0CE3B2B2C4D960003A328 /* BattleView.swift in Sources */,
			);
			runOnlyForDeploymentPostprocessing = 0;
		};
		7F8958B52B283DBB00D75AA2 /* Sources */ = {
			isa = PBXSourcesBuildPhase;
			buildActionMask = 2147483647;
			files = (
				7FB0CE442B2C4FB10003A328 /* TitleView.swift in Sources */,
				7FB0CE622B2D7C8D0003A328 /* AllUsePara.swift in Sources */,
				7FB0CE762B2DD94A0003A328 /* IntroView.swift in Sources */,
				7FB0CE562B2D79060003A328 /* GameResultView.swift in Sources */,
				7FB0CE4E2B2D753F0003A328 /* GachaView.swift in Sources */,
				7FB0CE522B2D755E0003A328 /* ContentView.swift in Sources */,
				7FB0CE482B2C51D70003A328 /* CharSelectView.swift in Sources */,
				7FB0CE402B2C4DD80003A328 /* HomeView.swift in Sources */,
				7FB0CE512B2D755B0003A328 /* P2HACKS2023App.swift in Sources */,
				7FB0CE712B2DD7160003A328 /* PageModel.swift in Sources */,
				7F8958BE2B283DBB00D75AA2 /* P2HACKS2023Tests.swift in Sources */,
				42928C402B2D8186009C0D96 /* VoiceRecognition.swift in Sources */,
				7FB0CE5A2B2D791B0003A328 /* GachaResultView.swift in Sources */,
				7FB0CE6D2B2D7E140003A328 /* GameView.swift in Sources */,
				7FB0CE3C2B2C4D960003A328 /* BattleView.swift in Sources */,
			);
			runOnlyForDeploymentPostprocessing = 0;
		};
		7F8958BF2B283DBB00D75AA2 /* Sources */ = {
			isa = PBXSourcesBuildPhase;
			buildActionMask = 2147483647;
			files = (
				7F8958CA2B283DBB00D75AA2 /* P2HACKS2023UITestsLaunchTests.swift in Sources */,
				7FB0CE772B2DD94A0003A328 /* IntroView.swift in Sources */,
				7FB0CE722B2DD7160003A328 /* PageModel.swift in Sources */,
				7FB0CE4F2B2D753F0003A328 /* GachaView.swift in Sources */,
				7FB0CE412B2C4DD80003A328 /* HomeView.swift in Sources */,
				7FB0CE502B2D755B0003A328 /* P2HACKS2023App.swift in Sources */,
				7FB0CE452B2C4FB10003A328 /* TitleView.swift in Sources */,
				7FB0CE572B2D79060003A328 /* GameResultView.swift in Sources */,
				7FB0CE532B2D755F0003A328 /* ContentView.swift in Sources */,
				7F8958C82B283DBB00D75AA2 /* P2HACKS2023UITests.swift in Sources */,
				42928C412B2D8186009C0D96 /* VoiceRecognition.swift in Sources */,
				7FB0CE492B2C51D70003A328 /* CharSelectView.swift in Sources */,
				7FB0CE632B2D7C8D0003A328 /* AllUsePara.swift in Sources */,
				7FB0CE3D2B2C4D960003A328 /* BattleView.swift in Sources */,
				7FB0CE6E2B2D7E140003A328 /* GameView.swift in Sources */,
				7FB0CE5B2B2D791B0003A328 /* GachaResultView.swift in Sources */,
			);
			runOnlyForDeploymentPostprocessing = 0;
		};
/* End PBXSourcesBuildPhase section */

/* Begin PBXTargetDependency section */
		7F8958BB2B283DBB00D75AA2 /* PBXTargetDependency */ = {
			isa = PBXTargetDependency;
			target = 7F8958A82B283DBA00D75AA2 /* P2HACKS2023 */;
			targetProxy = 7F8958BA2B283DBB00D75AA2 /* PBXContainerItemProxy */;
		};
		7F8958C52B283DBB00D75AA2 /* PBXTargetDependency */ = {
			isa = PBXTargetDependency;
			target = 7F8958A82B283DBA00D75AA2 /* P2HACKS2023 */;
			targetProxy = 7F8958C42B283DBB00D75AA2 /* PBXContainerItemProxy */;
		};
/* End PBXTargetDependency section */

/* Begin XCBuildConfiguration section */
		7F8958CB2B283DBB00D75AA2 /* Debug */ = {
			isa = XCBuildConfiguration;
			buildSettings = {
				ALWAYS_SEARCH_USER_PATHS = NO;
				ASSETCATALOG_COMPILER_GENERATE_SWIFT_ASSET_SYMBOL_EXTENSIONS = YES;
				CLANG_ANALYZER_NONNULL = YES;
				CLANG_ANALYZER_NUMBER_OBJECT_CONVERSION = YES_AGGRESSIVE;
				CLANG_CXX_LANGUAGE_STANDARD = "gnu++20";
				CLANG_ENABLE_MODULES = YES;
				CLANG_ENABLE_OBJC_ARC = YES;
				CLANG_ENABLE_OBJC_WEAK = YES;
				CLANG_WARN_BLOCK_CAPTURE_AUTORELEASING = YES;
				CLANG_WARN_BOOL_CONVERSION = YES;
				CLANG_WARN_COMMA = YES;
				CLANG_WARN_CONSTANT_CONVERSION = YES;
				CLANG_WARN_DEPRECATED_OBJC_IMPLEMENTATIONS = YES;
				CLANG_WARN_DIRECT_OBJC_ISA_USAGE = YES_ERROR;
				CLANG_WARN_DOCUMENTATION_COMMENTS = YES;
				CLANG_WARN_EMPTY_BODY = YES;
				CLANG_WARN_ENUM_CONVERSION = YES;
				CLANG_WARN_INFINITE_RECURSION = YES;
				CLANG_WARN_INT_CONVERSION = YES;
				CLANG_WARN_NON_LITERAL_NULL_CONVERSION = YES;
				CLANG_WARN_OBJC_IMPLICIT_RETAIN_SELF = YES;
				CLANG_WARN_OBJC_LITERAL_CONVERSION = YES;
				CLANG_WARN_OBJC_ROOT_CLASS = YES_ERROR;
				CLANG_WARN_QUOTED_INCLUDE_IN_FRAMEWORK_HEADER = YES;
				CLANG_WARN_RANGE_LOOP_ANALYSIS = YES;
				CLANG_WARN_STRICT_PROTOTYPES = YES;
				CLANG_WARN_SUSPICIOUS_MOVE = YES;
				CLANG_WARN_UNGUARDED_AVAILABILITY = YES_AGGRESSIVE;
				CLANG_WARN_UNREACHABLE_CODE = YES;
				CLANG_WARN__DUPLICATE_METHOD_MATCH = YES;
				COPY_PHASE_STRIP = NO;
				DEBUG_INFORMATION_FORMAT = dwarf;
				ENABLE_STRICT_OBJC_MSGSEND = YES;
				ENABLE_TESTABILITY = YES;
				ENABLE_USER_SCRIPT_SANDBOXING = YES;
				GCC_C_LANGUAGE_STANDARD = gnu17;
				GCC_DYNAMIC_NO_PIC = NO;
				GCC_NO_COMMON_BLOCKS = YES;
				GCC_OPTIMIZATION_LEVEL = 0;
				GCC_PREPROCESSOR_DEFINITIONS = (
					"DEBUG=1",
					"$(inherited)",
				);
				GCC_WARN_64_TO_32_BIT_CONVERSION = YES;
				GCC_WARN_ABOUT_RETURN_TYPE = YES_ERROR;
				GCC_WARN_UNDECLARED_SELECTOR = YES;
				GCC_WARN_UNINITIALIZED_AUTOS = YES_AGGRESSIVE;
				GCC_WARN_UNUSED_FUNCTION = YES;
				GCC_WARN_UNUSED_VARIABLE = YES;
				IPHONEOS_DEPLOYMENT_TARGET = 17.2;
				LOCALIZATION_PREFERS_STRING_CATALOGS = YES;
				MTL_ENABLE_DEBUG_INFO = INCLUDE_SOURCE;
				MTL_FAST_MATH = YES;
				ONLY_ACTIVE_ARCH = YES;
				SDKROOT = iphoneos;
				SWIFT_ACTIVE_COMPILATION_CONDITIONS = "DEBUG $(inherited)";
				SWIFT_OPTIMIZATION_LEVEL = "-Onone";
			};
			name = Debug;
		};
		7F8958CC2B283DBB00D75AA2 /* Release */ = {
			isa = XCBuildConfiguration;
			buildSettings = {
				ALWAYS_SEARCH_USER_PATHS = NO;
				ASSETCATALOG_COMPILER_GENERATE_SWIFT_ASSET_SYMBOL_EXTENSIONS = YES;
				CLANG_ANALYZER_NONNULL = YES;
				CLANG_ANALYZER_NUMBER_OBJECT_CONVERSION = YES_AGGRESSIVE;
				CLANG_CXX_LANGUAGE_STANDARD = "gnu++20";
				CLANG_ENABLE_MODULES = YES;
				CLANG_ENABLE_OBJC_ARC = YES;
				CLANG_ENABLE_OBJC_WEAK = YES;
				CLANG_WARN_BLOCK_CAPTURE_AUTORELEASING = YES;
				CLANG_WARN_BOOL_CONVERSION = YES;
				CLANG_WARN_COMMA = YES;
				CLANG_WARN_CONSTANT_CONVERSION = YES;
				CLANG_WARN_DEPRECATED_OBJC_IMPLEMENTATIONS = YES;
				CLANG_WARN_DIRECT_OBJC_ISA_USAGE = YES_ERROR;
				CLANG_WARN_DOCUMENTATION_COMMENTS = YES;
				CLANG_WARN_EMPTY_BODY = YES;
				CLANG_WARN_ENUM_CONVERSION = YES;
				CLANG_WARN_INFINITE_RECURSION = YES;
				CLANG_WARN_INT_CONVERSION = YES;
				CLANG_WARN_NON_LITERAL_NULL_CONVERSION = YES;
				CLANG_WARN_OBJC_IMPLICIT_RETAIN_SELF = YES;
				CLANG_WARN_OBJC_LITERAL_CONVERSION = YES;
				CLANG_WARN_OBJC_ROOT_CLASS = YES_ERROR;
				CLANG_WARN_QUOTED_INCLUDE_IN_FRAMEWORK_HEADER = YES;
				CLANG_WARN_RANGE_LOOP_ANALYSIS = YES;
				CLANG_WARN_STRICT_PROTOTYPES = YES;
				CLANG_WARN_SUSPICIOUS_MOVE = YES;
				CLANG_WARN_UNGUARDED_AVAILABILITY = YES_AGGRESSIVE;
				CLANG_WARN_UNREACHABLE_CODE = YES;
				CLANG_WARN__DUPLICATE_METHOD_MATCH = YES;
				COPY_PHASE_STRIP = NO;
				DEBUG_INFORMATION_FORMAT = "dwarf-with-dsym";
				ENABLE_NS_ASSERTIONS = NO;
				ENABLE_STRICT_OBJC_MSGSEND = YES;
				ENABLE_USER_SCRIPT_SANDBOXING = YES;
				GCC_C_LANGUAGE_STANDARD = gnu17;
				GCC_NO_COMMON_BLOCKS = YES;
				GCC_WARN_64_TO_32_BIT_CONVERSION = YES;
				GCC_WARN_ABOUT_RETURN_TYPE = YES_ERROR;
				GCC_WARN_UNDECLARED_SELECTOR = YES;
				GCC_WARN_UNINITIALIZED_AUTOS = YES_AGGRESSIVE;
				GCC_WARN_UNUSED_FUNCTION = YES;
				GCC_WARN_UNUSED_VARIABLE = YES;
				IPHONEOS_DEPLOYMENT_TARGET = 17.2;
				LOCALIZATION_PREFERS_STRING_CATALOGS = YES;
				MTL_ENABLE_DEBUG_INFO = NO;
				MTL_FAST_MATH = YES;
				SDKROOT = iphoneos;
				SWIFT_COMPILATION_MODE = wholemodule;
				VALIDATE_PRODUCT = YES;
			};
			name = Release;
		};
		7F8958CE2B283DBB00D75AA2 /* Debug */ = {
			isa = XCBuildConfiguration;
			buildSettings = {
				ASSETCATALOG_COMPILER_APPICON_NAME = AppIcon;
				ASSETCATALOG_COMPILER_GLOBAL_ACCENT_COLOR_NAME = AccentColor;
				CODE_SIGN_IDENTITY = "Apple Development";
				CODE_SIGN_STYLE = Manual;
				CURRENT_PROJECT_VERSION = 1;
				DEVELOPMENT_ASSET_PATHS = "\"P2HACKS2023/Preview Content\"";
				DEVELOPMENT_TEAM = "";
				ENABLE_PREVIEWS = YES;
				GENERATE_INFOPLIST_FILE = YES;
				INFOPLIST_KEY_NSMicrophoneUsageDescription = "Use Microphone";
				INFOPLIST_KEY_NSSpeechRecognitionUsageDescription = "Use Microphone";
				INFOPLIST_KEY_UIApplicationSceneManifest_Generation = YES;
				INFOPLIST_KEY_UIApplicationSupportsIndirectInputEvents = YES;
				INFOPLIST_KEY_UILaunchScreen_Generation = YES;
				INFOPLIST_KEY_UISupportedInterfaceOrientations_iPad = "UIInterfaceOrientationPortrait UIInterfaceOrientationPortraitUpsideDown UIInterfaceOrientationLandscapeLeft UIInterfaceOrientationLandscapeRight";
				INFOPLIST_KEY_UISupportedInterfaceOrientations_iPhone = "UIInterfaceOrientationPortrait UIInterfaceOrientationLandscapeLeft UIInterfaceOrientationLandscapeRight";
				LD_RUNPATH_SEARCH_PATHS = (
					"$(inherited)",
					"@executable_path/Frameworks",
				);
				MARKETING_VERSION = 1.0;
				PRODUCT_BUNDLE_IDENTIFIER = LODGING.UEHARA.P2HACKS2023;
				PRODUCT_NAME = "$(TARGET_NAME)";
				PROVISIONING_PROFILE_SPECIFIER = "";
				SWIFT_EMIT_LOC_STRINGS = YES;
				SWIFT_VERSION = 5.0;
				TARGETED_DEVICE_FAMILY = "1,2";
			};
			name = Debug;
		};
		7F8958CF2B283DBB00D75AA2 /* Release */ = {
			isa = XCBuildConfiguration;
			buildSettings = {
				ASSETCATALOG_COMPILER_APPICON_NAME = AppIcon;
				ASSETCATALOG_COMPILER_GLOBAL_ACCENT_COLOR_NAME = AccentColor;
				CODE_SIGN_STYLE = Manual;
				CURRENT_PROJECT_VERSION = 1;
				DEVELOPMENT_ASSET_PATHS = "\"P2HACKS2023/Preview Content\"";
				DEVELOPMENT_TEAM = "";
				ENABLE_PREVIEWS = YES;
				GENERATE_INFOPLIST_FILE = YES;
				INFOPLIST_KEY_NSMicrophoneUsageDescription = "Use Microphone";
				INFOPLIST_KEY_NSSpeechRecognitionUsageDescription = "Use Microphone";
				INFOPLIST_KEY_UIApplicationSceneManifest_Generation = YES;
				INFOPLIST_KEY_UIApplicationSupportsIndirectInputEvents = YES;
				INFOPLIST_KEY_UILaunchScreen_Generation = YES;
				INFOPLIST_KEY_UISupportedInterfaceOrientations_iPad = "UIInterfaceOrientationPortrait UIInterfaceOrientationPortraitUpsideDown UIInterfaceOrientationLandscapeLeft UIInterfaceOrientationLandscapeRight";
				INFOPLIST_KEY_UISupportedInterfaceOrientations_iPhone = "UIInterfaceOrientationPortrait UIInterfaceOrientationLandscapeLeft UIInterfaceOrientationLandscapeRight";
				LD_RUNPATH_SEARCH_PATHS = (
					"$(inherited)",
					"@executable_path/Frameworks",
				);
				MARKETING_VERSION = 1.0;
				PRODUCT_BUNDLE_IDENTIFIER = LODGING.UEHARA.P2HACKS2023;
				PRODUCT_NAME = "$(TARGET_NAME)";
				PROVISIONING_PROFILE_SPECIFIER = "";
				SWIFT_EMIT_LOC_STRINGS = YES;
				SWIFT_VERSION = 5.0;
				TARGETED_DEVICE_FAMILY = "1,2";
			};
			name = Release;
		};
		7F8958D12B283DBB00D75AA2 /* Debug */ = {
			isa = XCBuildConfiguration;
			buildSettings = {
				ALWAYS_EMBED_SWIFT_STANDARD_LIBRARIES = YES;
				BUNDLE_LOADER = "$(TEST_HOST)";
				CODE_SIGN_STYLE = Automatic;
				CURRENT_PROJECT_VERSION = 1;
				GENERATE_INFOPLIST_FILE = YES;
				IPHONEOS_DEPLOYMENT_TARGET = 17.2;
				MARKETING_VERSION = 1.0;
				PRODUCT_BUNDLE_IDENTIFIER = LODGING.UEHARA.P2HACKS2023Tests;
				PRODUCT_NAME = "$(TARGET_NAME)";
				SWIFT_EMIT_LOC_STRINGS = NO;
				SWIFT_VERSION = 5.0;
				TARGETED_DEVICE_FAMILY = "1,2";
				TEST_HOST = "$(BUILT_PRODUCTS_DIR)/P2HACKS2023.app/$(BUNDLE_EXECUTABLE_FOLDER_PATH)/P2HACKS2023";
			};
			name = Debug;
		};
		7F8958D22B283DBB00D75AA2 /* Release */ = {
			isa = XCBuildConfiguration;
			buildSettings = {
				ALWAYS_EMBED_SWIFT_STANDARD_LIBRARIES = YES;
				BUNDLE_LOADER = "$(TEST_HOST)";
				CODE_SIGN_STYLE = Automatic;
				CURRENT_PROJECT_VERSION = 1;
				GENERATE_INFOPLIST_FILE = YES;
				IPHONEOS_DEPLOYMENT_TARGET = 17.2;
				MARKETING_VERSION = 1.0;
				PRODUCT_BUNDLE_IDENTIFIER = LODGING.UEHARA.P2HACKS2023Tests;
				PRODUCT_NAME = "$(TARGET_NAME)";
				SWIFT_EMIT_LOC_STRINGS = NO;
				SWIFT_VERSION = 5.0;
				TARGETED_DEVICE_FAMILY = "1,2";
				TEST_HOST = "$(BUILT_PRODUCTS_DIR)/P2HACKS2023.app/$(BUNDLE_EXECUTABLE_FOLDER_PATH)/P2HACKS2023";
			};
			name = Release;
		};
		7F8958D42B283DBB00D75AA2 /* Debug */ = {
			isa = XCBuildConfiguration;
			buildSettings = {
				ALWAYS_EMBED_SWIFT_STANDARD_LIBRARIES = YES;
				CODE_SIGN_STYLE = Automatic;
				CURRENT_PROJECT_VERSION = 1;
				GENERATE_INFOPLIST_FILE = YES;
				MARKETING_VERSION = 1.0;
				PRODUCT_BUNDLE_IDENTIFIER = LODGING.UEHARA.P2HACKS2023UITests;
				PRODUCT_NAME = "$(TARGET_NAME)";
				SWIFT_EMIT_LOC_STRINGS = NO;
				SWIFT_VERSION = 5.0;
				TARGETED_DEVICE_FAMILY = "1,2";
				TEST_TARGET_NAME = P2HACKS2023;
			};
			name = Debug;
		};
		7F8958D52B283DBB00D75AA2 /* Release */ = {
			isa = XCBuildConfiguration;
			buildSettings = {
				ALWAYS_EMBED_SWIFT_STANDARD_LIBRARIES = YES;
				CODE_SIGN_STYLE = Automatic;
				CURRENT_PROJECT_VERSION = 1;
				GENERATE_INFOPLIST_FILE = YES;
				MARKETING_VERSION = 1.0;
				PRODUCT_BUNDLE_IDENTIFIER = LODGING.UEHARA.P2HACKS2023UITests;
				PRODUCT_NAME = "$(TARGET_NAME)";
				SWIFT_EMIT_LOC_STRINGS = NO;
				SWIFT_VERSION = 5.0;
				TARGETED_DEVICE_FAMILY = "1,2";
				TEST_TARGET_NAME = P2HACKS2023;
			};
			name = Release;
		};
/* End XCBuildConfiguration section */

/* Begin XCConfigurationList section */
		7F8958A42B283DBA00D75AA2 /* Build configuration list for PBXProject "P2HACKS2023" */ = {
			isa = XCConfigurationList;
			buildConfigurations = (
				7F8958CB2B283DBB00D75AA2 /* Debug */,
				7F8958CC2B283DBB00D75AA2 /* Release */,
			);
			defaultConfigurationIsVisible = 0;
			defaultConfigurationName = Release;
		};
		7F8958CD2B283DBB00D75AA2 /* Build configuration list for PBXNativeTarget "P2HACKS2023" */ = {
			isa = XCConfigurationList;
			buildConfigurations = (
				7F8958CE2B283DBB00D75AA2 /* Debug */,
				7F8958CF2B283DBB00D75AA2 /* Release */,
			);
			defaultConfigurationIsVisible = 0;
			defaultConfigurationName = Release;
		};
		7F8958D02B283DBB00D75AA2 /* Build configuration list for PBXNativeTarget "P2HACKS2023Tests" */ = {
			isa = XCConfigurationList;
			buildConfigurations = (
				7F8958D12B283DBB00D75AA2 /* Debug */,
				7F8958D22B283DBB00D75AA2 /* Release */,
			);
			defaultConfigurationIsVisible = 0;
			defaultConfigurationName = Release;
		};
		7F8958D32B283DBB00D75AA2 /* Build configuration list for PBXNativeTarget "P2HACKS2023UITests" */ = {
			isa = XCConfigurationList;
			buildConfigurations = (
				7F8958D42B283DBB00D75AA2 /* Debug */,
				7F8958D52B283DBB00D75AA2 /* Release */,
			);
			defaultConfigurationIsVisible = 0;
			defaultConfigurationName = Release;
		};
/* End XCConfigurationList section */
	};
	rootObject = 7F8958A12B283DBA00D75AA2 /* Project object */;
}
